# This file is autogenerated, do not edit; changes may be undone by the next 'dep ensure'.


[[projects]]
  digest = "1:e17320223c7c866dfbec405efe8abc8e383ccad131fb76ca7ff70580dafb9067"
  name = "github.com/go-redis/redis"
  packages = [
    ".",
    "internal",
    "internal/consistenthash",
    "internal/hashtag",
    "internal/pool",
    "internal/proto",
    "internal/util",
  ]
  pruneopts = "UT"
  revision = "99cd690a7019656b0b67c6664453f27a6d8a658e"
  version = "v6.15.7"

[solve-meta]
  analyzer-name = "dep"
  analyzer-version = 1
  input-imports = ["github.com/go-redis/redis"]
  solver-name = "gps-cdcl"
  solver-version = 1
